
Microsoft Visual Studio Solution File, Format Version 12.00
# Visual Studio Version 16
VisualStudioVersion = 16.0.29709.97
MinimumVisualStudioVersion = 10.0.40219.1
Project("{FAE04EC0-301F-11D3-BF4B-00C04F79EFBC}") = "WindowsFormsApp_Test1", "WindowsFormsApp_Test1\WindowsFormsApp_Test1.csproj", "{C18D5E05-141B-43C7-8B00-CEEBF4ABD4C6}"
EndProject
Global
	GlobalSection(SolutionConfigurationPlatforms) = preSolution
		Debug|Any CPU = Debug|Any CPU
		Release|Any CPU = Release|Any CPU
	EndGlobalSection
	GlobalSection(ProjectConfigurationPlatforms) = postSolution
		{C18D5E05-141B-43C7-8B00-CEEBF4ABD4C6}.Debug|Any CPU.ActiveCfg = Debug|Any CPU
		{C18D5E05-141B-43C7-8B00-CEEBF4ABD4C6}.Debug|Any CPU.Build.0 = Debug|Any CPU
		{C18D5E05-141B-43C7-8B00-CEEBF4ABD4C6}.Release|Any CPU.ActiveCfg = Release|Any CPU
		{C18D5E05-141B-43C7-8B00-CEEBF4ABD4C6}.Release|Any CPU.Build.0 = Release|Any CPU
	EndGlobalSection
	GlobalSection(SolutionProperties) = preSolution
		HideSolutionNode = FALSE
	EndGlobalSection
	GlobalSection(ExtensibilityGlobals) = postSolution
		SolutionGuid = {F69683B7-44C4-4497-A39B-D3C176405E5E}
	EndGlobalSection
EndGlobal
